{
  "nodes": {
    "angr-nix": {
      "inputs": {
        "nixpkgs": "nixpkgs"
      },
      "locked": {
        "lastModified": 1772834090,
        "narHash": "sha256-OqRCQHZCBJlvBL8ZBfValCS2Tz6EAksGDTonciReVaI=",
        "owner": "heartpunk",
        "repo": "angr-nix",
        "rev": "2f20f9ed68506bd151ed171e505942ac9a2a0b43",
        "type": "github"
      },
      "original": {
        "owner": "heartpunk",
        "repo": "angr-nix",
        "rev": "2f20f9ed68506bd151ed171e505942ac9a2a0b43",
        "type": "github"
      }
    },
    "flake-parts": {
      "inputs": {
        "nixpkgs-lib": "nixpkgs-lib"
      },
      "locked": {
        "lastModified": 1765835352,
        "narHash": "sha256-XswHlK/Qtjasvhd1nOa1e8MgZ8GS//jBoTqWtrS1Giw=",
        "owner": "hercules-ci",
        "repo": "flake-parts",
        "rev": "a34fae9c08a15ad73f295041fec82323541400a9",
        "type": "github"
      },
      "original": {
        "owner": "hercules-ci",
        "repo": "flake-parts",
        "type": "github"
      }
    },
    "lean4-nix": {
      "inputs": {
        "flake-parts": "flake-parts",
        "nixpkgs": "nixpkgs_2"
      },
      "locked": {
        "lastModified": 1774362967,
        "narHash": "sha256-eoi9uXa+I+9xUuoab1DOkN1x+nPtwKEGR/wzDSWuZh8=",
        "owner": "heartpunk",
        "repo": "lean4-nix",
        "rev": "7d14805ed32ccf48a8b0f7967af0b897db12d520",
        "type": "github"
      },
      "original": {
        "owner": "heartpunk",
        "repo": "lean4-nix",
        "type": "github"
      }
    },
    "nixpkgs": {
      "locked": {
        "lastModified": 1772736753,
        "narHash": "sha256-au/m3+EuBLoSzWUCb64a/MZq6QUtOV8oC0D9tY2scPQ=",
        "owner": "NixOS",
        "repo": "nixpkgs",
        "rev": "917fec990948658ef1ccd07cef2a1ef060786846",
        "type": "github"
      },
      "original": {
        "owner": "NixOS",
        "ref": "nixpkgs-unstable",
        "repo": "nixpkgs",
        "type": "github"
      }
    },
    "nixpkgs-lib": {
      "locked": {
        "lastModified": 1765674936,
        "narHash": "sha256-k00uTP4JNfmejrCLJOwdObYC9jHRrr/5M/a/8L2EIdo=",
        "owner": "nix-community",
        "repo": "nixpkgs.lib",
        "rev": "2075416fcb47225d9b68ac469a5c4801a9c4dd85",
        "type": "github"
      },
      "original": {
        "owner": "nix-community",
        "repo": "nixpkgs.lib",
        "type": "github"
      }
    },
    "nixpkgs_2": {
      "locked": {
        "lastModified": 1765779637,
        "narHash": "sha256-KJ2wa/BLSrTqDjbfyNx70ov/HdgNBCBBSQP3BIzKnv4=",
        "owner": "nixos",
        "repo": "nixpkgs",
        "rev": "1306659b587dc277866c7b69eb97e5f07864d8c4",
        "type": "github"
      },
      "original": {
        "owner": "nixos",
        "ref": "nixos-unstable",
        "repo": "nixpkgs",
        "type": "github"
      }
    },
    "nixpkgs_3": {
      "locked": {
        "lastModified": 1772736753,
        "narHash": "sha256-au/m3+EuBLoSzWUCb64a/MZq6QUtOV8oC0D9tY2scPQ=",
        "owner": "NixOS",
        "repo": "nixpkgs",
        "rev": "917fec990948658ef1ccd07cef2a1ef060786846",
        "type": "github"
      },
      "original": {
        "owner": "NixOS",
        "ref": "nixpkgs-unstable",
        "repo": "nixpkgs",
        "type": "github"
      }
    },
    "root": {
      "inputs": {
        "angr-nix": "angr-nix",
        "lean4-nix": "lean4-nix",
        "nixpkgs": "nixpkgs_3",
        "stalagmite": "stalagmite"
      }
    },
    "stalagmite": {
      "flake": false,
      "locked": {
        "lastModified": 1772235374,
        "narHash": "sha256-PG+TSESg7t7Tv8kfSS2KabWTIPq8CS+OfTthzmYX9+Y=",
        "owner": "leonbett",
        "repo": "stalagmite",
        "rev": "eadeecfd0845859e78d7390270a7bee31f57bc71",
        "type": "github"
      },
      "original": {
        "owner": "leonbett",
        "repo": "stalagmite",
        "rev": "eadeecfd0845859e78d7390270a7bee31f57bc71",
        "type": "github"
      }
    }
  },
  "root": "root",
  "version": 7
}
